
Microsoft Visual Studio Solution File, Format Version 12.00
# Visual Studio Version 16
VisualStudioVersion = 16.0.30907.101
MinimumVisualStudioVersion = 10.0.40219.1
Project("{FAE04EC0-301F-11D3-BF4B-00C04F79EFBC}") = "FACTORIAL DE UN NUMERO", "FACTORIAL DE UN NUMERO.csproj", "{D7F493D8-7E52-4787-85BA-CC24B6760763}"
EndProject
Global
	GlobalSection(SolutionConfigurationPlatforms) = preSolution
		Debug|Any CPU = Debug|Any CPU
		Release|Any CPU = Release|Any CPU
	EndGlobalSection
	GlobalSection(ProjectConfigurationPlatforms) = postSolution
		{D7F493D8-7E52-4787-85BA-CC24B6760763}.Debug|Any CPU.ActiveCfg = Debug|Any CPU
		{D7F493D8-7E52-4787-85BA-CC24B6760763}.Debug|Any CPU.Build.0 = Debug|Any CPU
		{D7F493D8-7E52-4787-85BA-CC24B6760763}.Release|Any CPU.ActiveCfg = Release|Any CPU
		{D7F493D8-7E52-4787-85BA-CC24B6760763}.Release|Any CPU.Build.0 = Release|Any CPU
	EndGlobalSection
	GlobalSection(SolutionProperties) = preSolution
		HideSolutionNode = FALSE
	EndGlobalSection
	GlobalSection(ExtensibilityGlobals) = postSolution
		SolutionGuid = {3D483F7A-EFC8-4B94-9379-CC31EBF94B39}
	EndGlobalSection
EndGlobal
