
Microsoft Visual Studio Solution File, Format Version 12.00
# Visual Studio Version 16
VisualStudioVersion = 16.0.30907.101
MinimumVisualStudioVersion = 10.0.40219.1
Project("{FAE04EC0-301F-11D3-BF4B-00C04F79EFBC}") = "NUMERO A LA POTENCIA", "NUMERO A LA POTENCIA.csproj", "{9A629419-9606-47A1-B7E5-7244E0B821FE}"
EndProject
Global
	GlobalSection(SolutionConfigurationPlatforms) = preSolution
		Debug|Any CPU = Debug|Any CPU
		Release|Any CPU = Release|Any CPU
	EndGlobalSection
	GlobalSection(ProjectConfigurationPlatforms) = postSolution
		{9A629419-9606-47A1-B7E5-7244E0B821FE}.Debug|Any CPU.ActiveCfg = Debug|Any CPU
		{9A629419-9606-47A1-B7E5-7244E0B821FE}.Debug|Any CPU.Build.0 = Debug|Any CPU
		{9A629419-9606-47A1-B7E5-7244E0B821FE}.Release|Any CPU.ActiveCfg = Release|Any CPU
		{9A629419-9606-47A1-B7E5-7244E0B821FE}.Release|Any CPU.Build.0 = Release|Any CPU
	EndGlobalSection
	GlobalSection(SolutionProperties) = preSolution
		HideSolutionNode = FALSE
	EndGlobalSection
	GlobalSection(ExtensibilityGlobals) = postSolution
		SolutionGuid = {01DE4D5D-D137-4C8F-801C-DC9063CCCB4C}
	EndGlobalSection
EndGlobal
